%% THIS FILE IS GENERATED. DO NOT EDIT IT MANUALLY %%

{cover_enabled,true}.
{sub_dirs,["rel"]}.
{eunit_opts,[verbose,{report,{eunit_surefire,[{dir,"."}]}}]}.
{plugins,[rebar_lock_deps_plugin]}.
{deps,[{rebar_lock_deps_plugin,".*",
                               {git,"git@github.com:seth/rebar_lock_deps_plugin.git",
                                    "7a5835029c42b8138325405237ea7e8516a84800"}},
       {cowlib,".*",
               {git,"git://github.com/extend/cowlib.git",
                    "14e597baa42a436469f99661ed7994685e269dc2"}},
       {ranch,".*",
              {git,"git://github.com/extend/ranch.git",
                   "02ff6533bbbc5dae95959c4979765d532d9e0af6"}},
       {gun,".*",
            {git,"git@github.com:ninenines/gun.git",
                 "427230d6f94f5b8a396fd504a73d73d1d65ab0a7"}},
       {jiffy,".*",
              {git,"git@github.com:davisp/jiffy.git",
                   "446e284bd51013fe2899803b9dcbd162d8b8efb3"}},
       {meck,".*",
             {git,"git@github.com:eproxus/meck",
                  "dde759050eff19a1a80fd854d7375174b191665d"}}]}.

